<?xml version="1.0" encoding="utf-8"?>
<Project ToolsVersion="4.0" xmlns="http://schemas.microsoft.com/developer/msbuild/2003">
  <ItemGroup>
    <Filter Include="Source Files">
      <UniqueIdentifier>{98a2a7e1-2cba-44a9-bb56-b76c84c95b90}</UniqueIdentifier>
      <Extensions>cpp;c;cxx;rc;def;r;odl;idl;hpj;bat;for;f90</Extensions>
    </Filter>
    <Filter Include="Source Files\common">
      <UniqueIdentifier>{806c67d2-99c0-46fb-b825-9e9544429e7d}</UniqueIdentifier>
    </Filter>
    <Filter Include="Header Files">
      <UniqueIdentifier>{27f5d5e4-1cfc-42c1-8df4-0ebbdcafc1b2}</UniqueIdentifier>
      <Extensions>h;hpp;hxx;hm;inl;fi;fd</Extensions>
    </Filter>
    <Filter Include="Resource Files">
      <UniqueIdentifier>{a492a801-58f9-455b-a241-d03d92601b91}</UniqueIdentifier>
      <Extensions>ico;cur;bmp;dlg;rc2;rct;bin;cnt;rtf;gif;jpg;jpeg;jpe</Extensions>
    </Filter>
  </ItemGroup>
  <ItemGroup>
    <ClCompile Include="lerp.cpp">
      <Filter>Source Files</Filter>
    </ClCompile>
    <ClCompile Include="lightmap.cpp">
      <Filter>Source Files</Filter>
    </ClCompile>
    <ClCompile Include="mathutil.cpp">
      <Filter>Source Files</Filter>
    </ClCompile>
    <ClCompile Include="nomatrix.cpp">
      <Filter>Source Files</Filter>
    </ClCompile>
    <ClCompile Include="qrad.cpp">
      <Filter>Source Files</Filter>
    </ClCompile>
    <ClCompile Include="qradutil.cpp">
      <Filter>Source Files</Filter>
    </ClCompile>
    <ClCompile Include="sparse.cpp">
      <Filter>Source Files</Filter>
    </ClCompile>
    <ClCompile Include="trace.cpp">
      <Filter>Source Files</Filter>
    </ClCompile>
    <ClCompile Include="transfers.cpp">
      <Filter>Source Files</Filter>
    </ClCompile>
    <ClCompile Include="transparency.cpp">
      <Filter>Source Files</Filter>
    </ClCompile>
    <ClCompile Include="vismatrix.cpp">
      <Filter>Source Files</Filter>
    </ClCompile>
    <ClCompile Include="vismatrixutil.cpp">
      <Filter>Source Files</Filter>
    </ClCompile>
    <ClCompile Include="..\common\blockmem.cpp">
      <Filter>Source Files\common</Filter>
    </ClCompile>
    <ClCompile Include="..\common\bspfile.cpp">
      <Filter>Source Files\common</Filter>
    </ClCompile>
    <ClCompile Include="..\common\cmdlib.cpp">
      <Filter>Source Files\common</Filter>
    </ClCompile>
    <ClCompile Include="..\common\filelib.cpp">
      <Filter>Source Files\common</Filter>
    </ClCompile>
    <ClCompile Include="..\common\log.cpp">
      <Filter>Source Files\common</Filter>
    </ClCompile>
    <ClCompile Include="..\common\mathlib.cpp">
      <Filter>Source Files\common</Filter>
    </ClCompile>
    <ClCompile Include="..\common\messages.cpp">
      <Filter>Source Files\common</Filter>
    </ClCompile>
    <ClCompile Include="..\common\resourcelock.cpp">
      <Filter>Source Files\common</Filter>
    </ClCompile>
    <ClCompile Include="..\common\scriplib.cpp">
      <Filter>Source Files\common</Filter>
    </ClCompile>
    <ClCompile Include="..\common\threads.cpp">
      <Filter>Source Files\common</Filter>
    </ClCompile>
    <ClCompile Include="..\common\winding.cpp">
      <Filter>Source Files\common</Filter>
    </ClCompile>
  </ItemGroup>
  <ItemGroup>
    <ClInclude Include="..\common\anorms.h">
      <Filter>Header Files</Filter>
    </ClInclude>
    <ClInclude Include="..\common\blockmem.h">
      <Filter>Header Files</Filter>
    </ClInclude>
    <ClInclude Include="..\common\boundingbox.h">
      <Filter>Header Files</Filter>
    </ClInclude>
    <ClInclude Include="..\common\bspfile.h">
      <Filter>Header Files</Filter>
    </ClInclude>
    <ClInclude Include="..\common\cmdlib.h">
      <Filter>Header Files</Filter>
    </ClInclude>
    <ClInclude Include="..\common\compress.h">
      <Filter>Header Files</Filter>
    </ClInclude>
    <ClInclude Include="..\common\filelib.h">
      <Filter>Header Files</Filter>
    </ClInclude>
    <ClInclude Include="..\common\hlassert.h">
      <Filter>Header Files</Filter>
    </ClInclude>
    <ClInclude Include="..\common\log.h">
      <Filter>Header Files</Filter>
    </ClInclude>
    <ClInclude Include="..\common\mathlib.h">
      <Filter>Header Files</Filter>
    </ClInclude>
    <ClInclude Include="..\common\mathtypes.h">
      <Filter>Header Files</Filter>
    </ClInclude>
    <ClInclude Include="..\common\messages.h">
      <Filter>Header Files</Filter>
    </ClInclude>
    <ClInclude Include="..\common\polylib.h">
      <Filter>Header Files</Filter>
    </ClInclude>
    <ClInclude Include="qrad.h">
      <Filter>Header Files</Filter>
    </ClInclude>
    <ClInclude Include="..\common\resourcelock.h">
      <Filter>Header Files</Filter>
    </ClInclude>
    <ClInclude Include="..\common\scriplib.h">
      <Filter>Header Files</Filter>
    </ClInclude>
    <ClInclude Include="..\common\threads.h">
      <Filter>Header Files</Filter>
    </ClInclude>
    <ClInclude Include="..\common\win32fix.h">
      <Filter>Header Files</Filter>
    </ClInclude>
    <ClInclude Include="..\common\winding.h">
      <Filter>Header Files</Filter>
    </ClInclude>
  </ItemGroup>
</Project>