<?xml version="1.0" encoding="utf-8"?>
<Project ToolsVersion="4.0" xmlns="http://schemas.microsoft.com/developer/msbuild/2003">
  <ItemGroup>
    <Filter Include="Source Files">
      <UniqueIdentifier>{c67b47a2-76ad-4c06-8130-34c0e33396c1}</UniqueIdentifier>
      <Extensions>cpp;c;cxx;rc;def;r;odl;idl;hpj;bat;for;f90</Extensions>
    </Filter>
    <Filter Include="Source Files\common">
      <UniqueIdentifier>{54dc2ff7-256d-48f0-ace4-55b871cb3de0}</UniqueIdentifier>
    </Filter>
    <Filter Include="Header Files">
      <UniqueIdentifier>{a8fdcb3a-3eb6-45b8-992b-b904bc4b76f7}</UniqueIdentifier>
      <Extensions>h;hpp;hxx;hm;inl;fi;fd</Extensions>
    </Filter>
    <Filter Include="Resource Files">
      <UniqueIdentifier>{5fe0c670-bfbd-48d7-9a50-1d741fb7d9d6}</UniqueIdentifier>
      <Extensions>ico;cur;bmp;dlg;rc2;rct;bin;cnt;rtf;gif;jpg;jpeg;jpe</Extensions>
    </Filter>
  </ItemGroup>
  <ItemGroup>
    <ClCompile Include="flow.cpp">
      <Filter>Source Files</Filter>
    </ClCompile>
    <ClCompile Include="vis.cpp">
      <Filter>Source Files</Filter>
    </ClCompile>
    <ClCompile Include="zones.cpp">
      <Filter>Source Files</Filter>
    </ClCompile>
    <ClCompile Include="..\common\blockmem.cpp">
      <Filter>Source Files\common</Filter>
    </ClCompile>
    <ClCompile Include="..\common\bspfile.cpp">
      <Filter>Source Files\common</Filter>
    </ClCompile>
    <ClCompile Include="..\common\cmdlib.cpp">
      <Filter>Source Files\common</Filter>
    </ClCompile>
    <ClCompile Include="..\common\filelib.cpp">
      <Filter>Source Files\common</Filter>
    </ClCompile>
    <ClCompile Include="..\common\log.cpp">
      <Filter>Source Files\common</Filter>
    </ClCompile>
    <ClCompile Include="..\common\mathlib.cpp">
      <Filter>Source Files\common</Filter>
    </ClCompile>
    <ClCompile Include="..\common\messages.cpp">
      <Filter>Source Files\common</Filter>
    </ClCompile>
    <ClCompile Include="..\common\scriplib.cpp">
      <Filter>Source Files\common</Filter>
    </ClCompile>
    <ClCompile Include="..\common\threads.cpp">
      <Filter>Source Files\common</Filter>
    </ClCompile>
    <ClCompile Include="..\common\winding.cpp">
      <Filter>Source Files\common</Filter>
    </ClCompile>
  </ItemGroup>
  <ItemGroup>
    <ClInclude Include="..\common\blockmem.h">
      <Filter>Header Files</Filter>
    </ClInclude>
    <ClInclude Include="..\common\boundingbox.h">
      <Filter>Header Files</Filter>
    </ClInclude>
    <ClInclude Include="..\common\bspfile.h">
      <Filter>Header Files</Filter>
    </ClInclude>
    <ClInclude Include="..\common\cmdlib.h">
      <Filter>Header Files</Filter>
    </ClInclude>
    <ClInclude Include="..\common\filelib.h">
      <Filter>Header Files</Filter>
    </ClInclude>
    <ClInclude Include="..\common\hlassert.h">
      <Filter>Header Files</Filter>
    </ClInclude>
    <ClInclude Include="..\common\log.h">
      <Filter>Header Files</Filter>
    </ClInclude>
    <ClInclude Include="..\common\mathlib.h">
      <Filter>Header Files</Filter>
    </ClInclude>
    <ClInclude Include="..\common\mathtypes.h">
      <Filter>Header Files</Filter>
    </ClInclude>
    <ClInclude Include="..\common\messages.h">
      <Filter>Header Files</Filter>
    </ClInclude>
    <ClInclude Include="..\common\scriplib.h">
      <Filter>Header Files</Filter>
    </ClInclude>
    <ClInclude Include="..\common\threads.h">
      <Filter>Header Files</Filter>
    </ClInclude>
    <ClInclude Include="vis.h">
      <Filter>Header Files</Filter>
    </ClInclude>
    <ClInclude Include="..\common\win32fix.h">
      <Filter>Header Files</Filter>
    </ClInclude>
    <ClInclude Include="..\common\winding.h">
      <Filter>Header Files</Filter>
    </ClInclude>
    <ClInclude Include="zones.h">
      <Filter>Header Files</Filter>
    </ClInclude>
  </ItemGroup>
</Project>